
Microsoft Visual Studio Solution File, Format Version 12.00
# Visual Studio Version 17
VisualStudioVersion = 17.12.35707.178 d17.12
MinimumVisualStudioVersion = 10.0.40219.1
Project("{8BC9CEB8-8B4A-11D0-8D11-00A0C91BC942}") = "task01", "task02\task02.vcxproj", "{AA50F220-CD96-4C4A-ABB0-07AABD356CF1}"
EndProject
Project("{8BC9CEB8-8B4A-11D0-8D11-00A0C91BC942}") = "task02", "task03\task03.vcxproj", "{FCAA4653-87C1-49A7-8A61-8CF3EDCD077F}"
EndProject
Project("{8BC9CEB8-8B4A-11D0-8D11-00A0C91BC942}") = "task003", "task003\task003.vcxproj", "{41AE9001-7B53-4279-9F39-23B1DCBB2072}"
EndProject
Project("{8BC9CEB8-8B4A-11D0-8D11-00A0C91BC942}") = "task04", "task04\task04.vcxproj", "{60FC83F3-5613-445A-A559-BA7D52667BE3}"
EndProject
Project("{8BC9CEB8-8B4A-11D0-8D11-00A0C91BC942}") = "task05", "task05\task05.vcxproj", "{1BEC8902-C7D1-4437-8277-FF479B174C26}"
EndProject
Project("{8BC9CEB8-8B4A-11D0-8D11-00A0C91BC942}") = "task06", "task06\task06.vcxproj", "{0803F538-5153-4B52-96F8-002AC7F0B971}"
EndProject
Global
	GlobalSection(SolutionConfigurationPlatforms) = preSolution
		Debug|x64 = Debug|x64
		Debug|x86 = Debug|x86
		Release|x64 = Release|x64
		Release|x86 = Release|x86
	EndGlobalSection
	GlobalSection(ProjectConfigurationPlatforms) = postSolution
		{AA50F220-CD96-4C4A-ABB0-07AABD356CF1}.Debug|x64.ActiveCfg = Debug|x64
		{AA50F220-CD96-4C4A-ABB0-07AABD356CF1}.Debug|x64.Build.0 = Debug|x64
		{AA50F220-CD96-4C4A-ABB0-07AABD356CF1}.Debug|x86.ActiveCfg = Debug|Win32
		{AA50F220-CD96-4C4A-ABB0-07AABD356CF1}.Debug|x86.Build.0 = Debug|Win32
		{AA50F220-CD96-4C4A-ABB0-07AABD356CF1}.Release|x64.ActiveCfg = Release|x64
		{AA50F220-CD96-4C4A-ABB0-07AABD356CF1}.Release|x64.Build.0 = Release|x64
		{AA50F220-CD96-4C4A-ABB0-07AABD356CF1}.Release|x86.ActiveCfg = Release|Win32
		{AA50F220-CD96-4C4A-ABB0-07AABD356CF1}.Release|x86.Build.0 = Release|Win32
		{FCAA4653-87C1-49A7-8A61-8CF3EDCD077F}.Debug|x64.ActiveCfg = Debug|x64
		{FCAA4653-87C1-49A7-8A61-8CF3EDCD077F}.Debug|x64.Build.0 = Debug|x64
		{FCAA4653-87C1-49A7-8A61-8CF3EDCD077F}.Debug|x86.ActiveCfg = Debug|Win32
		{FCAA4653-87C1-49A7-8A61-8CF3EDCD077F}.Debug|x86.Build.0 = Debug|Win32
		{FCAA4653-87C1-49A7-8A61-8CF3EDCD077F}.Release|x64.ActiveCfg = Release|x64
		{FCAA4653-87C1-49A7-8A61-8CF3EDCD077F}.Release|x64.Build.0 = Release|x64
		{FCAA4653-87C1-49A7-8A61-8CF3EDCD077F}.Release|x86.ActiveCfg = Release|Win32
		{FCAA4653-87C1-49A7-8A61-8CF3EDCD077F}.Release|x86.Build.0 = Release|Win32
		{41AE9001-7B53-4279-9F39-23B1DCBB2072}.Debug|x64.ActiveCfg = Debug|x64
		{41AE9001-7B53-4279-9F39-23B1DCBB2072}.Debug|x64.Build.0 = Debug|x64
		{41AE9001-7B53-4279-9F39-23B1DCBB2072}.Debug|x86.ActiveCfg = Debug|Win32
		{41AE9001-7B53-4279-9F39-23B1DCBB2072}.Debug|x86.Build.0 = Debug|Win32
		{41AE9001-7B53-4279-9F39-23B1DCBB2072}.Release|x64.ActiveCfg = Release|x64
		{41AE9001-7B53-4279-9F39-23B1DCBB2072}.Release|x64.Build.0 = Release|x64
		{41AE9001-7B53-4279-9F39-23B1DCBB2072}.Release|x86.ActiveCfg = Release|Win32
		{41AE9001-7B53-4279-9F39-23B1DCBB2072}.Release|x86.Build.0 = Release|Win32
		{60FC83F3-5613-445A-A559-BA7D52667BE3}.Debug|x64.ActiveCfg = Debug|x64
		{60FC83F3-5613-445A-A559-BA7D52667BE3}.Debug|x64.Build.0 = Debug|x64
		{60FC83F3-5613-445A-A559-BA7D52667BE3}.Debug|x86.ActiveCfg = Debug|Win32
		{60FC83F3-5613-445A-A559-BA7D52667BE3}.Debug|x86.Build.0 = Debug|Win32
		{60FC83F3-5613-445A-A559-BA7D52667BE3}.Release|x64.ActiveCfg = Release|x64
		{60FC83F3-5613-445A-A559-BA7D52667BE3}.Release|x64.Build.0 = Release|x64
		{60FC83F3-5613-445A-A559-BA7D52667BE3}.Release|x86.ActiveCfg = Release|Win32
		{60FC83F3-5613-445A-A559-BA7D52667BE3}.Release|x86.Build.0 = Release|Win32
		{1BEC8902-C7D1-4437-8277-FF479B174C26}.Debug|x64.ActiveCfg = Debug|x64
		{1BEC8902-C7D1-4437-8277-FF479B174C26}.Debug|x64.Build.0 = Debug|x64
		{1BEC8902-C7D1-4437-8277-FF479B174C26}.Debug|x86.ActiveCfg = Debug|Win32
		{1BEC8902-C7D1-4437-8277-FF479B174C26}.Debug|x86.Build.0 = Debug|Win32
		{1BEC8902-C7D1-4437-8277-FF479B174C26}.Release|x64.ActiveCfg = Release|x64
		{1BEC8902-C7D1-4437-8277-FF479B174C26}.Release|x64.Build.0 = Release|x64
		{1BEC8902-C7D1-4437-8277-FF479B174C26}.Release|x86.ActiveCfg = Release|Win32
		{1BEC8902-C7D1-4437-8277-FF479B174C26}.Release|x86.Build.0 = Release|Win32
		{0803F538-5153-4B52-96F8-002AC7F0B971}.Debug|x64.ActiveCfg = Debug|x64
		{0803F538-5153-4B52-96F8-002AC7F0B971}.Debug|x64.Build.0 = Debug|x64
		{0803F538-5153-4B52-96F8-002AC7F0B971}.Debug|x86.ActiveCfg = Debug|Win32
		{0803F538-5153-4B52-96F8-002AC7F0B971}.Debug|x86.Build.0 = Debug|Win32
		{0803F538-5153-4B52-96F8-002AC7F0B971}.Release|x64.ActiveCfg = Release|x64
		{0803F538-5153-4B52-96F8-002AC7F0B971}.Release|x64.Build.0 = Release|x64
		{0803F538-5153-4B52-96F8-002AC7F0B971}.Release|x86.ActiveCfg = Release|Win32
		{0803F538-5153-4B52-96F8-002AC7F0B971}.Release|x86.Build.0 = Release|Win32
	EndGlobalSection
	GlobalSection(SolutionProperties) = preSolution
		HideSolutionNode = FALSE
	EndGlobalSection
	GlobalSection(ExtensibilityGlobals) = postSolution
		SolutionGuid = {6491B690-8E03-4C58-A460-686C3723BEBF}
	EndGlobalSection
EndGlobal
